Microsoft Visual Studio Solution File, Format Version 12.00
# Visual Studio Version 17
VisualStudioVersion = 17.0.31903.59
MinimumVisualStudioVersion = 10.0.40219.1
Project("{FAE04EC0-301F-11D3-BF4B-00C04F79EFBC}") = "CoffeeShopApp", "CoffeeShopApp\CoffeeShopApp.csproj", "{A2B8E7E1-6F18-4A31-A7C7-9D7E0D3E4F11}"
EndProject
Project("{FAE04EC0-301F-11D3-BF4B-00C04F79EFBC}") = "CoffeeShopTasks", "CoffeeShopTasks\CoffeeShopTasks.csproj", "{48F161D2-1618-4780-AA3D-4A563F87D3D1}"
EndProject
Global
	GlobalSection(SolutionConfigurationPlatforms) = preSolution
		Debug|Any CPU = Debug|Any CPU
		Release|Any CPU = Release|Any CPU
	EndGlobalSection
	GlobalSection(ProjectConfigurationPlatforms) = postSolution
		{A2B8E7E1-6F18-4A31-A7C7-9D7E0D3E4F11}.Debug|Any CPU.ActiveCfg = Debug|Any CPU
		{A2B8E7E1-6F18-4A31-A7C7-9D7E0D3E4F11}.Debug|Any CPU.Build.0 = Debug|Any CPU
		{A2B8E7E1-6F18-4A31-A7C7-9D7E0D3E4F11}.Release|Any CPU.ActiveCfg = Release|Any CPU
		{A2B8E7E1-6F18-4A31-A7C7-9D7E0D3E4F11}.Release|Any CPU.Build.0 = Release|Any CPU
		{48F161D2-1618-4780-AA3D-4A563F87D3D1}.Debug|Any CPU.ActiveCfg = Debug|Any CPU
		{48F161D2-1618-4780-AA3D-4A563F87D3D1}.Debug|Any CPU.Build.0 = Debug|Any CPU
		{48F161D2-1618-4780-AA3D-4A563F87D3D1}.Release|Any CPU.ActiveCfg = Release|Any CPU
		{48F161D2-1618-4780-AA3D-4A563F87D3D1}.Release|Any CPU.Build.0 = Release|Any CPU
	EndGlobalSection
	GlobalSection(SolutionProperties) = preSolution
		HideSolutionNode = FALSE
	EndGlobalSection
	GlobalSection(ExtensibilityGlobals) = postSolution
		SolutionGuid = {6F118F4C-64A2-4728-A9EC-EA4212DA9BE7}
	EndGlobalSection
EndGlobal
